
Microsoft Visual Studio Solution File, Format Version 12.00
# Visual Studio Version 17
VisualStudioVersion = 17.13.35931.197
MinimumVisualStudioVersion = 10.0.40219.1
Project("{FAE04EC0-301F-11D3-BF4B-00C04F79EFBC}") = "Ex04.Menus.Events", "Ex04.Menus.Events\Ex04.Menus.Events.csproj", "{9B3AA456-8E8E-48D2-993E-F55AF53ED849}"
EndProject
Global
	GlobalSection(SolutionConfigurationPlatforms) = preSolution
		Debug|Any CPU = Debug|Any CPU
		Release|Any CPU = Release|Any CPU
	EndGlobalSection
	GlobalSection(ProjectConfigurationPlatforms) = postSolution
		{9B3AA456-8E8E-48D2-993E-F55AF53ED849}.Debug|Any CPU.ActiveCfg = Debug|Any CPU
		{9B3AA456-8E8E-48D2-993E-F55AF53ED849}.Debug|Any CPU.Build.0 = Debug|Any CPU
		{9B3AA456-8E8E-48D2-993E-F55AF53ED849}.Release|Any CPU.ActiveCfg = Release|Any CPU
		{9B3AA456-8E8E-48D2-993E-F55AF53ED849}.Release|Any CPU.Build.0 = Release|Any CPU
	EndGlobalSection
	GlobalSection(SolutionProperties) = preSolution
		HideSolutionNode = FALSE
	EndGlobalSection
	GlobalSection(ExtensibilityGlobals) = postSolution
		SolutionGuid = {C87E203D-8DCF-432F-B061-652D621004EA}
	EndGlobalSection
EndGlobal
